
Microsoft Visual Studio Solution File, Format Version 12.00
# Visual Studio 15
VisualStudioVersion = 15.0.27428.2043
MinimumVisualStudioVersion = 10.0.40219.1
Project("{FAE04EC0-301F-11D3-BF4B-00C04F79EFBC}") = "Vidly", "Vidly\Vidly.csproj", "{913C48A3-A053-4692-8D26-6CFD406FD692}"
EndProject
Global
	GlobalSection(SolutionConfigurationPlatforms) = preSolution
		Debug|Any CPU = Debug|Any CPU
		Release|Any CPU = Release|Any CPU
	EndGlobalSection
	GlobalSection(ProjectConfigurationPlatforms) = postSolution
		{913C48A3-A053-4692-8D26-6CFD406FD692}.Debug|Any CPU.ActiveCfg = Debug|Any CPU
		{913C48A3-A053-4692-8D26-6CFD406FD692}.Debug|Any CPU.Build.0 = Debug|Any CPU
		{913C48A3-A053-4692-8D26-6CFD406FD692}.Release|Any CPU.ActiveCfg = Release|Any CPU
		{913C48A3-A053-4692-8D26-6CFD406FD692}.Release|Any CPU.Build.0 = Release|Any CPU
	EndGlobalSection
	GlobalSection(SolutionProperties) = preSolution
		HideSolutionNode = FALSE
	EndGlobalSection
	GlobalSection(ExtensibilityGlobals) = postSolution
		SolutionGuid = {2832F101-12A2-4AD3-BBFB-AB3DF3B19CF2}
	EndGlobalSection
EndGlobal
