
Microsoft Visual Studio Solution File, Format Version 12.00
# Visual Studio 15
VisualStudioVersion = 15.0.27428.2043
MinimumVisualStudioVersion = 10.0.40219.1
Project("{FAE04EC0-301F-11D3-BF4B-00C04F79EFBC}") = "Books.Web", "Books.Web\Books.Web.csproj", "{8B266C65-FD64-4715-ACDC-4AABD19139F4}"
EndProject
Project("{FAE04EC0-301F-11D3-BF4B-00C04F79EFBC}") = "Books.Entities", "Books.Entities\Books.Entities.csproj", "{AE9F1057-F3CF-4276-91C4-F7DF728DB12A}"
EndProject
Global
	GlobalSection(SolutionConfigurationPlatforms) = preSolution
		Debug|Any CPU = Debug|Any CPU
		Release|Any CPU = Release|Any CPU
	EndGlobalSection
	GlobalSection(ProjectConfigurationPlatforms) = postSolution
		{8B266C65-FD64-4715-ACDC-4AABD19139F4}.Debug|Any CPU.ActiveCfg = Debug|Any CPU
		{8B266C65-FD64-4715-ACDC-4AABD19139F4}.Debug|Any CPU.Build.0 = Debug|Any CPU
		{8B266C65-FD64-4715-ACDC-4AABD19139F4}.Release|Any CPU.ActiveCfg = Release|Any CPU
		{8B266C65-FD64-4715-ACDC-4AABD19139F4}.Release|Any CPU.Build.0 = Release|Any CPU
		{AE9F1057-F3CF-4276-91C4-F7DF728DB12A}.Debug|Any CPU.ActiveCfg = Debug|Any CPU
		{AE9F1057-F3CF-4276-91C4-F7DF728DB12A}.Debug|Any CPU.Build.0 = Debug|Any CPU
		{AE9F1057-F3CF-4276-91C4-F7DF728DB12A}.Release|Any CPU.ActiveCfg = Release|Any CPU
		{AE9F1057-F3CF-4276-91C4-F7DF728DB12A}.Release|Any CPU.Build.0 = Release|Any CPU
	EndGlobalSection
	GlobalSection(SolutionProperties) = preSolution
		HideSolutionNode = FALSE
	EndGlobalSection
	GlobalSection(ExtensibilityGlobals) = postSolution
		SolutionGuid = {57B779FF-A2FD-4EE7-A1DB-15AA7B9021A8}
	EndGlobalSection
EndGlobal
